// !$*UTF8*$!
{
	archiveVersion = 1;
	classes = {
	};
	objectVersion = 55;
	objects = {

/* Begin PBXBuildFile section */
		17291FFF28912DB300AAE90C /* AlbumDetailView.swift in Sources */ = {isa = PBXBuildFile; fileRef = 17291FFE28912DB300AAE90C /* AlbumDetailView.swift */; };
		172920012891351000AAE90C /* SongsForAlbumListViewModel.swift in Sources */ = {isa = PBXBuildFile; fileRef = 172920002891351000AAE90C /* SongsForAlbumListViewModel.swift */; };
		17292003289137FD00AAE90C /* SongsForAlbumListView.swift in Sources */ = {isa = PBXBuildFile; fileRef = 17292002289137FD00AAE90C /* SongsForAlbumListView.swift */; };
		1729200528914D4B00AAE90C /* SongDetailView.swift in Sources */ = {isa = PBXBuildFile; fileRef = 1729200428914D4B00AAE90C /* SongDetailView.swift */; };
		1729200728914E7100AAE90C /* AlbumForSongViewModel.swift in Sources */ = {isa = PBXBuildFile; fileRef = 1729200628914E7100AAE90C /* AlbumForSongViewModel.swift */; };
		173727A828916B5600A48F74 /* screen_recording.gif in Resources */ = {isa = PBXBuildFile; fileRef = 173727A728916B5600A48F74 /* screen_recording.gif */; };
		173727AA28916BBE00A48F74 /* iTunes_Search_App screenshots.pdf in Resources */ = {isa = PBXBuildFile; fileRef = 173727A928916BBE00A48F74 /* iTunes_Search_App screenshots.pdf */; };
		17D9609B289548C500ADF095 /* ListPlaceholderRowView.swift in Sources */ = {isa = PBXBuildFile; fileRef = 17D9609A289548C500ADF095 /* ListPlaceholderRowView.swift */; };
		17DCA95E288E999E00F20AD8 /* ItunesSearchAppApp.swift in Sources */ = {isa = PBXBuildFile; fileRef = 17DCA95D288E999E00F20AD8 /* ItunesSearchAppApp.swift */; };
		17DCA960288E999E00F20AD8 /* ContentView.swift in Sources */ = {isa = PBXBuildFile; fileRef = 17DCA95F288E999E00F20AD8 /* ContentView.swift */; };
		17DCA962288E999F00F20AD8 /* Assets.xcassets in Resources */ = {isa = PBXBuildFile; fileRef = 17DCA961288E999F00F20AD8 /* Assets.xcassets */; };
		17DCA965288E999F00F20AD8 /* Preview Assets.xcassets in Resources */ = {isa = PBXBuildFile; fileRef = 17DCA964288E999F00F20AD8 /* Preview Assets.xcassets */; };
		17DCA96F288E9A1500F20AD8 /* Album.swift in Sources */ = {isa = PBXBuildFile; fileRef = 17DCA96E288E9A1500F20AD8 /* Album.swift */; };
		17DCA971288E9A5800F20AD8 /* AlbumListViewModel.swift in Sources */ = {isa = PBXBuildFile; fileRef = 17DCA970288E9A5800F20AD8 /* AlbumListViewModel.swift */; };
		17DCA973288E9D1800F20AD8 /* Song.swift in Sources */ = {isa = PBXBuildFile; fileRef = 17DCA972288E9D1800F20AD8 /* Song.swift */; };
		17DCA975288E9D2200F20AD8 /* Movie.swift in Sources */ = {isa = PBXBuildFile; fileRef = 17DCA974288E9D2200F20AD8 /* Movie.swift */; };
		17DCA977288E9F8600F20AD8 /* AlbumListView.swift in Sources */ = {isa = PBXBuildFile; fileRef = 17DCA976288E9F8600F20AD8 /* AlbumListView.swift */; };
		17F43699288EC4230001D592 /* AlbumSearchView.swift in Sources */ = {isa = PBXBuildFile; fileRef = 17F43698288EC4230001D592 /* AlbumSearchView.swift */; };
		17F4369B288EF2180001D592 /* APIError.swift in Sources */ = {isa = PBXBuildFile; fileRef = 17F4369A288EF2180001D592 /* APIError.swift */; };
		17F4369D288EF8630001D592 /* APIService.swift in Sources */ = {isa = PBXBuildFile; fileRef = 17F4369C288EF8630001D592 /* APIService.swift */; };
		17F4369F288EFA270001D592 /* SongListViewModel.swift in Sources */ = {isa = PBXBuildFile; fileRef = 17F4369E288EFA270001D592 /* SongListViewModel.swift */; };
		17F436A1288EFA7F0001D592 /* FetchState.swift in Sources */ = {isa = PBXBuildFile; fileRef = 17F436A0288EFA7F0001D592 /* FetchState.swift */; };
		17F436A3288EFAF50001D592 /* MovieListViewModel.swift in Sources */ = {isa = PBXBuildFile; fileRef = 17F436A2288EFAF50001D592 /* MovieListViewModel.swift */; };
		17F436A8288EFB8B0001D592 /* MovieSearchListView.swift in Sources */ = {isa = PBXBuildFile; fileRef = 17F436A7288EFB8B0001D592 /* MovieSearchListView.swift */; };
		17F436AA288EFBFF0001D592 /* MovieListView.swift in Sources */ = {isa = PBXBuildFile; fileRef = 17F436A9288EFBFF0001D592 /* MovieListView.swift */; };
		17F436C1289008B40001D592 /* SearchView.swift in Sources */ = {isa = PBXBuildFile; fileRef = 17F436C0289008B40001D592 /* SearchView.swift */; };
		17F436C3289009240001D592 /* EntityType.swift in Sources */ = {isa = PBXBuildFile; fileRef = 17F436C2289009240001D592 /* EntityType.swift */; };
		17F436C528900B260001D592 /* SearchAllListView.swift in Sources */ = {isa = PBXBuildFile; fileRef = 17F436C428900B260001D592 /* SearchAllListView.swift */; };
		17F436C728900D260001D592 /* SongListView.swift in Sources */ = {isa = PBXBuildFile; fileRef = 17F436C628900D260001D592 /* SongListView.swift */; };
		17F436C928900F390001D592 /* SearchPlaceholderView.swift in Sources */ = {isa = PBXBuildFile; fileRef = 17F436C828900F390001D592 /* SearchPlaceholderView.swift */; };
		17F436CB289020C20001D592 /* SongRowView.swift in Sources */ = {isa = PBXBuildFile; fileRef = 17F436CA289020C20001D592 /* SongRowView.swift */; };
		17F436CE2890220E0001D592 /* BuyButtonStyle.swift in Sources */ = {isa = PBXBuildFile; fileRef = 17F436CD2890220E0001D592 /* BuyButtonStyle.swift */; };
		17F436D0289023BE0001D592 /* AlbumRowView.swift in Sources */ = {isa = PBXBuildFile; fileRef = 17F436CF289023BE0001D592 /* AlbumRowView.swift */; };
		17F436D3289025420001D592 /* ImageLoadingView.swift in Sources */ = {isa = PBXBuildFile; fileRef = 17F436D2289025420001D592 /* ImageLoadingView.swift */; };
		17F436D5289025720001D592 /* BuyButton.swift in Sources */ = {isa = PBXBuildFile; fileRef = 17F436D4289025720001D592 /* BuyButton.swift */; };
		17F436D7289026750001D592 /* MovieRowView.swift in Sources */ = {isa = PBXBuildFile; fileRef = 17F436D6289026750001D592 /* MovieRowView.swift */; };
		17F436D928902A760001D592 /* SongSectionView.swift in Sources */ = {isa = PBXBuildFile; fileRef = 17F436D828902A760001D592 /* SongSectionView.swift */; };
		17F436DB28902A860001D592 /* AlbumSectionView.swift in Sources */ = {isa = PBXBuildFile; fileRef = 17F436DA28902A860001D592 /* AlbumSectionView.swift */; };
		17F436DD28902A920001D592 /* MovieSectionView.swift in Sources */ = {isa = PBXBuildFile; fileRef = 17F436DC28902A920001D592 /* MovieSectionView.swift */; };
/* End PBXBuildFile section */

/* Begin PBXFileReference section */
		17291FFE28912DB300AAE90C /* AlbumDetailView.swift */ = {isa = PBXFileReference; lastKnownFileType = sourcecode.swift; path = AlbumDetailView.swift; sourceTree = "<group>"; };
		172920002891351000AAE90C /* SongsForAlbumListViewModel.swift */ = {isa = PBXFileReference; lastKnownFileType = sourcecode.swift; path = SongsForAlbumListViewModel.swift; sourceTree = "<group>"; };
		17292002289137FD00AAE90C /* SongsForAlbumListView.swift */ = {isa = PBXFileReference; lastKnownFileType = sourcecode.swift; path = SongsForAlbumListView.swift; sourceTree = "<group>"; };
		1729200428914D4B00AAE90C /* SongDetailView.swift */ = {isa = PBXFileReference; lastKnownFileType = sourcecode.swift; path = SongDetailView.swift; sourceTree = "<group>"; };
		1729200628914E7100AAE90C /* AlbumForSongViewModel.swift */ = {isa = PBXFileReference; lastKnownFileType = sourcecode.swift; path = AlbumForSongViewModel.swift; sourceTree = "<group>"; };
		173727A728916B5600A48F74 /* screen_recording.gif */ = {isa = PBXFileReference; lastKnownFileType = image.gif; path = screen_recording.gif; sourceTree = "<group>"; };
		173727A928916BBE00A48F74 /* iTunes_Search_App screenshots.pdf */ = {isa = PBXFileReference; lastKnownFileType = image.pdf; path = "iTunes_Search_App screenshots.pdf"; sourceTree = "<group>"; };
		17D9609A289548C500ADF095 /* ListPlaceholderRowView.swift */ = {isa = PBXFileReference; lastKnownFileType = sourcecode.swift; path = ListPlaceholderRowView.swift; sourceTree = "<group>"; };
		17DCA95A288E999E00F20AD8 /* ItunesSearchApp.app */ = {isa = PBXFileReference; explicitFileType = wrapper.application; includeInIndex = 0; path = ItunesSearchApp.app; sourceTree = BUILT_PRODUCTS_DIR; };
		17DCA95D288E999E00F20AD8 /* ItunesSearchAppApp.swift */ = {isa = PBXFileReference; lastKnownFileType = sourcecode.swift; path = ItunesSearchAppApp.swift; sourceTree = "<group>"; };
		17DCA95F288E999E00F20AD8 /* ContentView.swift */ = {isa = PBXFileReference; lastKnownFileType = sourcecode.swift; path = ContentView.swift; sourceTree = "<group>"; };
		17DCA961288E999F00F20AD8 /* Assets.xcassets */ = {isa = PBXFileReference; lastKnownFileType = folder.assetcatalog; path = Assets.xcassets; sourceTree = "<group>"; };
		17DCA964288E999F00F20AD8 /* Preview Assets.xcassets */ = {isa = PBXFileReference; lastKnownFileType = folder.assetcatalog; path = "Preview Assets.xcassets"; sourceTree = "<group>"; };
		17DCA96E288E9A1500F20AD8 /* Album.swift */ = {isa = PBXFileReference; lastKnownFileType = sourcecode.swift; path = Album.swift; sourceTree = "<group>"; };
		17DCA970288E9A5800F20AD8 /* AlbumListViewModel.swift */ = {isa = PBXFileReference; lastKnownFileType = sourcecode.swift; path = AlbumListViewModel.swift; sourceTree = "<group>"; };
		17DCA972288E9D1800F20AD8 /* Song.swift */ = {isa = PBXFileReference; lastKnownFileType = sourcecode.swift; path = Song.swift; sourceTree = "<group>"; };
		17DCA974288E9D2200F20AD8 /* Movie.swift */ = {isa = PBXFileReference; lastKnownFileType = sourcecode.swift; path = Movie.swift; sourceTree = "<group>"; };
		17DCA976288E9F8600F20AD8 /* AlbumListView.swift */ = {isa = PBXFileReference; lastKnownFileType = sourcecode.swift; path = AlbumListView.swift; sourceTree = "<group>"; };
		17F43698288EC4230001D592 /* AlbumSearchView.swift */ = {isa = PBXFileReference; lastKnownFileType = sourcecode.swift; path = AlbumSearchView.swift; sourceTree = "<group>"; };
		17F4369A288EF2180001D592 /* APIError.swift */ = {isa = PBXFileReference; lastKnownFileType = sourcecode.swift; path = APIError.swift; sourceTree = "<group>"; };
		17F4369C288EF8630001D592 /* APIService.swift */ = {isa = PBXFileReference; lastKnownFileType = sourcecode.swift; path = APIService.swift; sourceTree = "<group>"; };
		17F4369E288EFA270001D592 /* SongListViewModel.swift */ = {isa = PBXFileReference; lastKnownFileType = sourcecode.swift; path = SongListViewModel.swift; sourceTree = "<group>"; };
		17F436A0288EFA7F0001D592 /* FetchState.swift */ = {isa = PBXFileReference; lastKnownFileType = sourcecode.swift; path = FetchState.swift; sourceTree = "<group>"; };
		17F436A2288EFAF50001D592 /* MovieListViewModel.swift */ = {isa = PBXFileReference; lastKnownFileType = sourcecode.swift; path = MovieListViewModel.swift; sourceTree = "<group>"; };
		17F436A7288EFB8B0001D592 /* MovieSearchListView.swift */ = {isa = PBXFileReference; lastKnownFileType = sourcecode.swift; path = MovieSearchListView.swift; sourceTree = "<group>"; };
		17F436A9288EFBFF0001D592 /* MovieListView.swift */ = {isa = PBXFileReference; lastKnownFileType = sourcecode.swift; path = MovieListView.swift; sourceTree = "<group>"; };
		17F436C0289008B40001D592 /* SearchView.swift */ = {isa = PBXFileReference; lastKnownFileType = sourcecode.swift; path = SearchView.swift; sourceTree = "<group>"; };
		17F436C2289009240001D592 /* EntityType.swift */ = {isa = PBXFileReference; lastKnownFileType = sourcecode.swift; path = EntityType.swift; sourceTree = "<group>"; };
		17F436C428900B260001D592 /* SearchAllListView.swift */ = {isa = PBXFileReference; lastKnownFileType = sourcecode.swift; path = SearchAllListView.swift; sourceTree = "<group>"; };
		17F436C628900D260001D592 /* SongListView.swift */ = {isa = PBXFileReference; lastKnownFileType = sourcecode.swift; path = SongListView.swift; sourceTree = "<group>"; };
		17F436C828900F390001D592 /* SearchPlaceholderView.swift */ = {isa = PBXFileReference; lastKnownFileType = sourcecode.swift; path = SearchPlaceholderView.swift; sourceTree = "<group>"; };
		17F436CA289020C20001D592 /* SongRowView.swift */ = {isa = PBXFileReference; lastKnownFileType = sourcecode.swift; path = SongRowView.swift; sourceTree = "<group>"; };
		17F436CD2890220E0001D592 /* BuyButtonStyle.swift */ = {isa = PBXFileReference; lastKnownFileType = sourcecode.swift; path = BuyButtonStyle.swift; sourceTree = "<group>"; };
		17F436CF289023BE0001D592 /* AlbumRowView.swift */ = {isa = PBXFileReference; lastKnownFileType = sourcecode.swift; path = AlbumRowView.swift; sourceTree = "<group>"; };
		17F436D2289025420001D592 /* ImageLoadingView.swift */ = {isa = PBXFileReference; lastKnownFileType = sourcecode.swift; path = ImageLoadingView.swift; sourceTree = "<group>"; };
		17F436D4289025720001D592 /* BuyButton.swift */ = {isa = PBXFileReference; lastKnownFileType = sourcecode.swift; path = BuyButton.swift; sourceTree = "<group>"; };
		17F436D6289026750001D592 /* MovieRowView.swift */ = {isa = PBXFileReference; lastKnownFileType = sourcecode.swift; path = MovieRowView.swift; sourceTree = "<group>"; };
		17F436D828902A760001D592 /* SongSectionView.swift */ = {isa = PBXFileReference; lastKnownFileType = sourcecode.swift; path = SongSectionView.swift; sourceTree = "<group>"; };
		17F436DA28902A860001D592 /* AlbumSectionView.swift */ = {isa = PBXFileReference; lastKnownFileType = sourcecode.swift; path = AlbumSectionView.swift; sourceTree = "<group>"; };
		17F436DC28902A920001D592 /* MovieSectionView.swift */ = {isa = PBXFileReference; lastKnownFileType = sourcecode.swift; path = MovieSectionView.swift; sourceTree = "<group>"; };
/* End PBXFileReference section */

/* Begin PBXFrameworksBuildPhase section */
		17DCA957288E999E00F20AD8 /* Frameworks */ = {
			isa = PBXFrameworksBuildPhase;
			buildActionMask = 2147483647;
			files = (
			);
			runOnlyForDeploymentPostprocessing = 0;
		};
/* End PBXFrameworksBuildPhase section */

/* Begin PBXGroup section */
		173727A628916B4900A48F74 /* images */ = {
			isa = PBXGroup;
			children = (
				173727A728916B5600A48F74 /* screen_recording.gif */,
				173727A928916BBE00A48F74 /* iTunes_Search_App screenshots.pdf */,
			);
			path = images;
			sourceTree = "<group>";
		};
		17DCA951288E999E00F20AD8 = {
			isa = PBXGroup;
			children = (
				173727A628916B4900A48F74 /* images */,
				17DCA95C288E999E00F20AD8 /* ItunesSearchApp */,
				17DCA95B288E999E00F20AD8 /* Products */,
			);
			sourceTree = "<group>";
		};
		17DCA95B288E999E00F20AD8 /* Products */ = {
			isa = PBXGroup;
			children = (
				17DCA95A288E999E00F20AD8 /* ItunesSearchApp.app */,
			);
			name = Products;
			sourceTree = "<group>";
		};
		17DCA95C288E999E00F20AD8 /* ItunesSearchApp */ = {
			isa = PBXGroup;
			children = (
				17DCA95D288E999E00F20AD8 /* ItunesSearchAppApp.swift */,
				17DCA95F288E999E00F20AD8 /* ContentView.swift */,
				17DCA96B288E99CE00F20AD8 /* view */,
				17DCA96C288E99E400F20AD8 /* viewmodel */,
				17DCA96D288E9A0000F20AD8 /* model */,
				17F436CC289021FA0001D592 /* styling */,
				17DCA961288E999F00F20AD8 /* Assets.xcassets */,
				17DCA963288E999F00F20AD8 /* Preview Content */,
			);
			path = ItunesSearchApp;
			sourceTree = "<group>";
		};
		17DCA963288E999F00F20AD8 /* Preview Content */ = {
			isa = PBXGroup;
			children = (
				17DCA964288E999F00F20AD8 /* Preview Assets.xcassets */,
			);
			path = "Preview Content";
			sourceTree = "<group>";
		};
		17DCA96B288E99CE00F20AD8 /* view */ = {
			isa = PBXGroup;
			children = (
				17F436BE289008990001D592 /* search */,
				17F436BF289008A00001D592 /* song */,
				17F436A5288EFB750001D592 /* album */,
				17F436A4288EFB6F0001D592 /* movie */,
				17F436D1289025340001D592 /* helper */,
			);
			path = view;
			sourceTree = "<group>";
		};
		17DCA96C288E99E400F20AD8 /* viewmodel */ = {
			isa = PBXGroup;
			children = (
				17DCA970288E9A5800F20AD8 /* AlbumListViewModel.swift */,
				17F4369E288EFA270001D592 /* SongListViewModel.swift */,
				17F436A2288EFAF50001D592 /* MovieListViewModel.swift */,
				172920002891351000AAE90C /* SongsForAlbumListViewModel.swift */,
				1729200628914E7100AAE90C /* AlbumForSongViewModel.swift */,
				17F4369C288EF8630001D592 /* APIService.swift */,
			);
			path = viewmodel;
			sourceTree = "<group>";
		};
		17DCA96D288E9A0000F20AD8 /* model */ = {
			isa = PBXGroup;
			children = (
				17DCA96E288E9A1500F20AD8 /* Album.swift */,
				17F436A0288EFA7F0001D592 /* FetchState.swift */,
				17DCA972288E9D1800F20AD8 /* Song.swift */,
				17DCA974288E9D2200F20AD8 /* Movie.swift */,
				17F4369A288EF2180001D592 /* APIError.swift */,
				17F436C2289009240001D592 /* EntityType.swift */,
			);
			path = model;
			sourceTree = "<group>";
		};
		17F436A4288EFB6F0001D592 /* movie */ = {
			isa = PBXGroup;
			children = (
				17F436A7288EFB8B0001D592 /* MovieSearchListView.swift */,
				17F436A9288EFBFF0001D592 /* MovieListView.swift */,
				17F436DC28902A920001D592 /* MovieSectionView.swift */,
				17F436D6289026750001D592 /* MovieRowView.swift */,
			);
			path = movie;
			sourceTree = "<group>";
		};
		17F436A5288EFB750001D592 /* album */ = {
			isa = PBXGroup;
			children = (
				17F43698288EC4230001D592 /* AlbumSearchView.swift */,
				17DCA976288E9F8600F20AD8 /* AlbumListView.swift */,
				17F436DA28902A860001D592 /* AlbumSectionView.swift */,
				17F436CF289023BE0001D592 /* AlbumRowView.swift */,
				17291FFE28912DB300AAE90C /* AlbumDetailView.swift */,
				17292002289137FD00AAE90C /* SongsForAlbumListView.swift */,
			);
			path = album;
			sourceTree = "<group>";
		};
		17F436BE289008990001D592 /* search */ = {
			isa = PBXGroup;
			children = (
				17F436C0289008B40001D592 /* SearchView.swift */,
				17F436C428900B260001D592 /* SearchAllListView.swift */,
			);
			path = search;
			sourceTree = "<group>";
		};
		17F436BF289008A00001D592 /* song */ = {
			isa = PBXGroup;
			children = (
				17F436C628900D260001D592 /* SongListView.swift */,
				17F436D828902A760001D592 /* SongSectionView.swift */,
				17F436CA289020C20001D592 /* SongRowView.swift */,
				1729200428914D4B00AAE90C /* SongDetailView.swift */,
			);
			path = song;
			sourceTree = "<group>";
		};
		17F436CC289021FA0001D592 /* styling */ = {
			isa = PBXGroup;
			children = (
				17F436CD2890220E0001D592 /* BuyButtonStyle.swift */,
			);
			path = styling;
			sourceTree = "<group>";
		};
		17F436D1289025340001D592 /* helper */ = {
			isa = PBXGroup;
			children = (
				17F436C828900F390001D592 /* SearchPlaceholderView.swift */,
				17D9609A289548C500ADF095 /* ListPlaceholderRowView.swift */,
				17F436D2289025420001D592 /* ImageLoadingView.swift */,
				17F436D4289025720001D592 /* BuyButton.swift */,
			);
			path = helper;
			sourceTree = "<group>";
		};
/* End PBXGroup section */

/* Begin PBXNativeTarget section */
		17DCA959288E999E00F20AD8 /* ItunesSearchApp */ = {
			isa = PBXNativeTarget;
			buildConfigurationList = 17DCA968288E999F00F20AD8 /* Build configuration list for PBXNativeTarget "ItunesSearchApp" */;
			buildPhases = (
				17DCA956288E999E00F20AD8 /* Sources */,
				17DCA957288E999E00F20AD8 /* Frameworks */,
				17DCA958288E999E00F20AD8 /* Resources */,
			);
			buildRules = (
			);
			dependencies = (
			);
			name = ItunesSearchApp;
			productName = ItunesSearchApp;
			productReference = 17DCA95A288E999E00F20AD8 /* ItunesSearchApp.app */;
			productType = "com.apple.product-type.application";
		};
/* End PBXNativeTarget section */

/* Begin PBXProject section */
		17DCA952288E999E00F20AD8 /* Project object */ = {
			isa = PBXProject;
			attributes = {
				BuildIndependentTargetsInParallel = 1;
				LastSwiftUpdateCheck = 1340;
				LastUpgradeCheck = 1340;
				TargetAttributes = {
					17DCA959288E999E00F20AD8 = {
						CreatedOnToolsVersion = 13.4.1;
					};
				};
			};
			buildConfigurationList = 17DCA955288E999E00F20AD8 /* Build configuration list for PBXProject "ItunesSearchApp" */;
			compatibilityVersion = "Xcode 13.0";
			developmentRegion = en;
			hasScannedForEncodings = 0;
			knownRegions = (
				en,
				Base,
			);
			mainGroup = 17DCA951288E999E00F20AD8;
			productRefGroup = 17DCA95B288E999E00F20AD8 /* Products */;
			projectDirPath = "";
			projectRoot = "";
			targets = (
				17DCA959288E999E00F20AD8 /* ItunesSearchApp */,
			);
		};
/* End PBXProject section */

/* Begin PBXResourcesBuildPhase section */
		17DCA958288E999E00F20AD8 /* Resources */ = {
			isa = PBXResourcesBuildPhase;
			buildActionMask = 2147483647;
			files = (
				17DCA965288E999F00F20AD8 /* Preview Assets.xcassets in Resources */,
				173727AA28916BBE00A48F74 /* iTunes_Search_App screenshots.pdf in Resources */,
				17DCA962288E999F00F20AD8 /* Assets.xcassets in Resources */,
				173727A828916B5600A48F74 /* screen_recording.gif in Resources */,
			);
			runOnlyForDeploymentPostprocessing = 0;
		};
/* End PBXResourcesBuildPhase section */

/* Begin PBXSourcesBuildPhase section */
		17DCA956288E999E00F20AD8 /* Sources */ = {
			isa = PBXSourcesBuildPhase;
			buildActionMask = 2147483647;
			files = (
				17F436CE2890220E0001D592 /* BuyButtonStyle.swift in Sources */,
				17F436C528900B260001D592 /* SearchAllListView.swift in Sources */,
				17F436DB28902A860001D592 /* AlbumSectionView.swift in Sources */,
				17F436D7289026750001D592 /* MovieRowView.swift in Sources */,
				17DCA971288E9A5800F20AD8 /* AlbumListViewModel.swift in Sources */,
				17F436D0289023BE0001D592 /* AlbumRowView.swift in Sources */,
				17F436D5289025720001D592 /* BuyButton.swift in Sources */,
				17F436A8288EFB8B0001D592 /* MovieSearchListView.swift in Sources */,
				17F436C728900D260001D592 /* SongListView.swift in Sources */,
				17F436D928902A760001D592 /* SongSectionView.swift in Sources */,
				17F436DD28902A920001D592 /* MovieSectionView.swift in Sources */,
				17F436AA288EFBFF0001D592 /* MovieListView.swift in Sources */,
				17DCA960288E999E00F20AD8 /* ContentView.swift in Sources */,
				17F436C928900F390001D592 /* SearchPlaceholderView.swift in Sources */,
				17D9609B289548C500ADF095 /* ListPlaceholderRowView.swift in Sources */,
				172920012891351000AAE90C /* SongsForAlbumListViewModel.swift in Sources */,
				17292003289137FD00AAE90C /* SongsForAlbumListView.swift in Sources */,
				17F436A1288EFA7F0001D592 /* FetchState.swift in Sources */,
				17F436C3289009240001D592 /* EntityType.swift in Sources */,
				17F4369F288EFA270001D592 /* SongListViewModel.swift in Sources */,
				17F43699288EC4230001D592 /* AlbumSearchView.swift in Sources */,
				17F436A3288EFAF50001D592 /* MovieListViewModel.swift in Sources */,
				17F436CB289020C20001D592 /* SongRowView.swift in Sources */,
				1729200528914D4B00AAE90C /* SongDetailView.swift in Sources */,
				17DCA975288E9D2200F20AD8 /* Movie.swift in Sources */,
				17DCA95E288E999E00F20AD8 /* ItunesSearchAppApp.swift in Sources */,
				17DCA96F288E9A1500F20AD8 /* Album.swift in Sources */,
				17F4369D288EF8630001D592 /* APIService.swift in Sources */,
				17F436C1289008B40001D592 /* SearchView.swift in Sources */,
				17291FFF28912DB300AAE90C /* AlbumDetailView.swift in Sources */,
				1729200728914E7100AAE90C /* AlbumForSongViewModel.swift in Sources */,
				17DCA973288E9D1800F20AD8 /* Song.swift in Sources */,
				17F436D3289025420001D592 /* ImageLoadingView.swift in Sources */,
				17DCA977288E9F8600F20AD8 /* AlbumListView.swift in Sources */,
				17F4369B288EF2180001D592 /* APIError.swift in Sources */,
			);
			runOnlyForDeploymentPostprocessing = 0;
		};
/* End PBXSourcesBuildPhase section */

/* Begin XCBuildConfiguration section */
		17DCA966288E999F00F20AD8 /* Debug */ = {
			isa = XCBuildConfiguration;
			buildSettings = {
				ALWAYS_SEARCH_USER_PATHS = NO;
				CLANG_ANALYZER_NONNULL = YES;
				CLANG_ANALYZER_NUMBER_OBJECT_CONVERSION = YES_AGGRESSIVE;
				CLANG_CXX_LANGUAGE_STANDARD = "gnu++17";
				CLANG_ENABLE_MODULES = YES;
				CLANG_ENABLE_OBJC_ARC = YES;
				CLANG_ENABLE_OBJC_WEAK = YES;
				CLANG_WARN_BLOCK_CAPTURE_AUTORELEASING = YES;
				CLANG_WARN_BOOL_CONVERSION = YES;
				CLANG_WARN_COMMA = YES;
				CLANG_WARN_CONSTANT_CONVERSION = YES;
				CLANG_WARN_DEPRECATED_OBJC_IMPLEMENTATIONS = YES;
				CLANG_WARN_DIRECT_OBJC_ISA_USAGE = YES_ERROR;
				CLANG_WARN_DOCUMENTATION_COMMENTS = YES;
				CLANG_WARN_EMPTY_BODY = YES;
				CLANG_WARN_ENUM_CONVERSION = YES;
				CLANG_WARN_INFINITE_RECURSION = YES;
				CLANG_WARN_INT_CONVERSION = YES;
				CLANG_WARN_NON_LITERAL_NULL_CONVERSION = YES;
				CLANG_WARN_OBJC_IMPLICIT_RETAIN_SELF = YES;
				CLANG_WARN_OBJC_LITERAL_CONVERSION = YES;
				CLANG_WARN_OBJC_ROOT_CLASS = YES_ERROR;
				CLANG_WARN_QUOTED_INCLUDE_IN_FRAMEWORK_HEADER = YES;
				CLANG_WARN_RANGE_LOOP_ANALYSIS = YES;
				CLANG_WARN_STRICT_PROTOTYPES = YES;
				CLANG_WARN_SUSPICIOUS_MOVE = YES;
				CLANG_WARN_UNGUARDED_AVAILABILITY = YES_AGGRESSIVE;
				CLANG_WARN_UNREACHABLE_CODE = YES;
				CLANG_WARN__DUPLICATE_METHOD_MATCH = YES;
				COPY_PHASE_STRIP = NO;
				DEBUG_INFORMATION_FORMAT = dwarf;
				ENABLE_STRICT_OBJC_MSGSEND = YES;
				ENABLE_TESTABILITY = YES;
				GCC_C_LANGUAGE_STANDARD = gnu11;
				GCC_DYNAMIC_NO_PIC = NO;
				GCC_NO_COMMON_BLOCKS = YES;
				GCC_OPTIMIZATION_LEVEL = 0;
				GCC_PREPROCESSOR_DEFINITIONS = (
					"DEBUG=1",
					"$(inherited)",
				);
				GCC_WARN_64_TO_32_BIT_CONVERSION = YES;
				GCC_WARN_ABOUT_RETURN_TYPE = YES_ERROR;
				GCC_WARN_UNDECLARED_SELECTOR = YES;
				GCC_WARN_UNINITIALIZED_AUTOS = YES_AGGRESSIVE;
				GCC_WARN_UNUSED_FUNCTION = YES;
				GCC_WARN_UNUSED_VARIABLE = YES;
				IPHONEOS_DEPLOYMENT_TARGET = 15.5;
				MTL_ENABLE_DEBUG_INFO = INCLUDE_SOURCE;
				MTL_FAST_MATH = YES;
				ONLY_ACTIVE_ARCH = YES;
				SDKROOT = iphoneos;
				SWIFT_ACTIVE_COMPILATION_CONDITIONS = DEBUG;
				SWIFT_OPTIMIZATION_LEVEL = "-Onone";
			};
			name = Debug;
		};
		17DCA967288E999F00F20AD8 /* Release */ = {
			isa = XCBuildConfiguration;
			buildSettings = {
				ALWAYS_SEARCH_USER_PATHS = NO;
				CLANG_ANALYZER_NONNULL = YES;
				CLANG_ANALYZER_NUMBER_OBJECT_CONVERSION = YES_AGGRESSIVE;
				CLANG_CXX_LANGUAGE_STANDARD = "gnu++17";
				CLANG_ENABLE_MODULES = YES;
				CLANG_ENABLE_OBJC_ARC = YES;
				CLANG_ENABLE_OBJC_WEAK = YES;
				CLANG_WARN_BLOCK_CAPTURE_AUTORELEASING = YES;
				CLANG_WARN_BOOL_CONVERSION = YES;
				CLANG_WARN_COMMA = YES;
				CLANG_WARN_CONSTANT_CONVERSION = YES;
				CLANG_WARN_DEPRECATED_OBJC_IMPLEMENTATIONS = YES;
				CLANG_WARN_DIRECT_OBJC_ISA_USAGE = YES_ERROR;
				CLANG_WARN_DOCUMENTATION_COMMENTS = YES;
				CLANG_WARN_EMPTY_BODY = YES;
				CLANG_WARN_ENUM_CONVERSION = YES;
				CLANG_WARN_INFINITE_RECURSION = YES;
				CLANG_WARN_INT_CONVERSION = YES;
				CLANG_WARN_NON_LITERAL_NULL_CONVERSION = YES;
				CLANG_WARN_OBJC_IMPLICIT_RETAIN_SELF = YES;
				CLANG_WARN_OBJC_LITERAL_CONVERSION = YES;
				CLANG_WARN_OBJC_ROOT_CLASS = YES_ERROR;
				CLANG_WARN_QUOTED_INCLUDE_IN_FRAMEWORK_HEADER = YES;
				CLANG_WARN_RANGE_LOOP_ANALYSIS = YES;
				CLANG_WARN_STRICT_PROTOTYPES = YES;
				CLANG_WARN_SUSPICIOUS_MOVE = YES;
				CLANG_WARN_UNGUARDED_AVAILABILITY = YES_AGGRESSIVE;
				CLANG_WARN_UNREACHABLE_CODE = YES;
				CLANG_WARN__DUPLICATE_METHOD_MATCH = YES;
				COPY_PHASE_STRIP = NO;
				DEBUG_INFORMATION_FORMAT = "dwarf-with-dsym";
				ENABLE_NS_ASSERTIONS = NO;
				ENABLE_STRICT_OBJC_MSGSEND = YES;
				GCC_C_LANGUAGE_STANDARD = gnu11;
				GCC_NO_COMMON_BLOCKS = YES;
				GCC_WARN_64_TO_32_BIT_CONVERSION = YES;
				GCC_WARN_ABOUT_RETURN_TYPE = YES_ERROR;
				GCC_WARN_UNDECLARED_SELECTOR = YES;
				GCC_WARN_UNINITIALIZED_AUTOS = YES_AGGRESSIVE;
				GCC_WARN_UNUSED_FUNCTION = YES;
				GCC_WARN_UNUSED_VARIABLE = YES;
				IPHONEOS_DEPLOYMENT_TARGET = 15.5;
				MTL_ENABLE_DEBUG_INFO = NO;
				MTL_FAST_MATH = YES;
				SDKROOT = iphoneos;
				SWIFT_COMPILATION_MODE = wholemodule;
				SWIFT_OPTIMIZATION_LEVEL = "-O";
				VALIDATE_PRODUCT = YES;
			};
			name = Release;
		};
		17DCA969288E999F00F20AD8 /* Debug */ = {
			isa = XCBuildConfiguration;
			buildSettings = {
				ASSETCATALOG_COMPILER_APPICON_NAME = AppIcon;
				ASSETCATALOG_COMPILER_GLOBAL_ACCENT_COLOR_NAME = AccentColor;
				CODE_SIGN_STYLE = Automatic;
				CURRENT_PROJECT_VERSION = 1;
				DEVELOPMENT_ASSET_PATHS = "\"ItunesSearchApp/Preview Content\"";
				DEVELOPMENT_TEAM = 2ZB33FC454;
				ENABLE_PREVIEWS = YES;
				GENERATE_INFOPLIST_FILE = YES;
				INFOPLIST_KEY_UIApplicationSceneManifest_Generation = YES;
				INFOPLIST_KEY_UIApplicationSupportsIndirectInputEvents = YES;
				INFOPLIST_KEY_UILaunchScreen_Generation = YES;
				INFOPLIST_KEY_UISupportedInterfaceOrientations_iPad = "UIInterfaceOrientationPortrait UIInterfaceOrientationPortraitUpsideDown UIInterfaceOrientationLandscapeLeft UIInterfaceOrientationLandscapeRight";
				INFOPLIST_KEY_UISupportedInterfaceOrientations_iPhone = "UIInterfaceOrientationPortrait UIInterfaceOrientationLandscapeLeft UIInterfaceOrientationLandscapeRight";
				IPHONEOS_DEPLOYMENT_TARGET = 15.0;
				LD_RUNPATH_SEARCH_PATHS = (
					"$(inherited)",
					"@executable_path/Frameworks",
				);
				MARKETING_VERSION = 1.0;
				PRODUCT_BUNDLE_IDENTIFIER = com.karinprater.ItunesSearchApp;
				PRODUCT_NAME = "$(TARGET_NAME)";
				SWIFT_EMIT_LOC_STRINGS = YES;
				SWIFT_VERSION = 5.0;
				TARGETED_DEVICE_FAMILY = "1,2";
			};
			name = Debug;
		};
		17DCA96A288E999F00F20AD8 /* Release */ = {
			isa = XCBuildConfiguration;
			buildSettings = {
				ASSETCATALOG_COMPILER_APPICON_NAME = AppIcon;
				ASSETCATALOG_COMPILER_GLOBAL_ACCENT_COLOR_NAME = AccentColor;
				CODE_SIGN_STYLE = Automatic;
				CURRENT_PROJECT_VERSION = 1;
				DEVELOPMENT_ASSET_PATHS = "\"ItunesSearchApp/Preview Content\"";
				DEVELOPMENT_TEAM = 54YLWD89Z8;
				ENABLE_PREVIEWS = YES;
				GENERATE_INFOPLIST_FILE = YES;
				INFOPLIST_KEY_UIApplicationSceneManifest_Generation = YES;
				INFOPLIST_KEY_UIApplicationSupportsIndirectInputEvents = YES;
				INFOPLIST_KEY_UILaunchScreen_Generation = YES;
				INFOPLIST_KEY_UISupportedInterfaceOrientations_iPad = "UIInterfaceOrientationPortrait UIInterfaceOrientationPortraitUpsideDown UIInterfaceOrientationLandscapeLeft UIInterfaceOrientationLandscapeRight";
				INFOPLIST_KEY_UISupportedInterfaceOrientations_iPhone = "UIInterfaceOrientationPortrait UIInterfaceOrientationLandscapeLeft UIInterfaceOrientationLandscapeRight";
				IPHONEOS_DEPLOYMENT_TARGET = 15.0;
				LD_RUNPATH_SEARCH_PATHS = (
					"$(inherited)",
					"@executable_path/Frameworks",
				);
				MARKETING_VERSION = 1.0;
				PRODUCT_BUNDLE_IDENTIFIER = com.karinprater.ItunesSearchApp;
				PRODUCT_NAME = "$(TARGET_NAME)";
				SWIFT_EMIT_LOC_STRINGS = YES;
				SWIFT_VERSION = 5.0;
				TARGETED_DEVICE_FAMILY = "1,2";
			};
			name = Release;
		};
/* End XCBuildConfiguration section */

/* Begin XCConfigurationList section */
		17DCA955288E999E00F20AD8 /* Build configuration list for PBXProject "ItunesSearchApp" */ = {
			isa = XCConfigurationList;
			buildConfigurations = (
				17DCA966288E999F00F20AD8 /* Debug */,
				17DCA967288E999F00F20AD8 /* Release */,
			);
			defaultConfigurationIsVisible = 0;
			defaultConfigurationName = Release;
		};
		17DCA968288E999F00F20AD8 /* Build configuration list for PBXNativeTarget "ItunesSearchApp" */ = {
			isa = XCConfigurationList;
			buildConfigurations = (
				17DCA969288E999F00F20AD8 /* Debug */,
				17DCA96A288E999F00F20AD8 /* Release */,
			);
			defaultConfigurationIsVisible = 0;
			defaultConfigurationName = Release;
		};
/* End XCConfigurationList section */
	};
	rootObject = 17DCA952288E999E00F20AD8 /* Project object */;
}
