// !$*UTF8*$!
{
	archiveVersion = 1;
	classes = {
	};
	objectVersion = 55;
	objects = {

/* Begin PBXBuildFile section */
		17DCA95E288E999E00F20AD8 /* ItunesSearchAppApp.swift in Sources */ = {isa = PBXBuildFile; fileRef = 17DCA95D288E999E00F20AD8 /* ItunesSearchAppApp.swift */; };
		17DCA960288E999E00F20AD8 /* ContentView.swift in Sources */ = {isa = PBXBuildFile; fileRef = 17DCA95F288E999E00F20AD8 /* ContentView.swift */; };
		17DCA962288E999F00F20AD8 /* Assets.xcassets in Resources */ = {isa = PBXBuildFile; fileRef = 17DCA961288E999F00F20AD8 /* Assets.xcassets */; };
		17DCA965288E999F00F20AD8 /* Preview Assets.xcassets in Resources */ = {isa = PBXBuildFile; fileRef = 17DCA964288E999F00F20AD8 /* Preview Assets.xcassets */; };
		17DCA96F288E9A1500F20AD8 /* Album.swift in Sources */ = {isa = PBXBuildFile; fileRef = 17DCA96E288E9A1500F20AD8 /* Album.swift */; };
		17DCA971288E9A5800F20AD8 /* AlbumListViewModel.swift in Sources */ = {isa = PBXBuildFile; fileRef = 17DCA970288E9A5800F20AD8 /* AlbumListViewModel.swift */; };
		17DCA973288E9D1800F20AD8 /* Song.swift in Sources */ = {isa = PBXBuildFile; fileRef = 17DCA972288E9D1800F20AD8 /* Song.swift */; };
		17DCA975288E9D2200F20AD8 /* Movie.swift in Sources */ = {isa = PBXBuildFile; fileRef = 17DCA974288E9D2200F20AD8 /* Movie.swift */; };
		17DCA977288E9F8600F20AD8 /* AlbumListView.swift in Sources */ = {isa = PBXBuildFile; fileRef = 17DCA976288E9F8600F20AD8 /* AlbumListView.swift */; };
		17F43699288EC4230001D592 /* AlbumSearchView.swift in Sources */ = {isa = PBXBuildFile; fileRef = 17F43698288EC4230001D592 /* AlbumSearchView.swift */; };
/* End PBXBuildFile section */

/* Begin PBXFileReference section */
		17DCA95A288E999E00F20AD8 /* ItunesSearchApp.app */ = {isa = PBXFileReference; explicitFileType = wrapper.application; includeInIndex = 0; path = ItunesSearchApp.app; sourceTree = BUILT_PRODUCTS_DIR; };
		17DCA95D288E999E00F20AD8 /* ItunesSearchAppApp.swift */ = {isa = PBXFileReference; lastKnownFileType = sourcecode.swift; path = ItunesSearchAppApp.swift; sourceTree = "<group>"; };
		17DCA95F288E999E00F20AD8 /* ContentView.swift */ = {isa = PBXFileReference; lastKnownFileType = sourcecode.swift; path = ContentView.swift; sourceTree = "<group>"; };
		17DCA961288E999F00F20AD8 /* Assets.xcassets */ = {isa = PBXFileReference; lastKnownFileType = folder.assetcatalog; path = Assets.xcassets; sourceTree = "<group>"; };
		17DCA964288E999F00F20AD8 /* Preview Assets.xcassets */ = {isa = PBXFileReference; lastKnownFileType = folder.assetcatalog; path = "Preview Assets.xcassets"; sourceTree = "<group>"; };
		17DCA96E288E9A1500F20AD8 /* Album.swift */ = {isa = PBXFileReference; lastKnownFileType = sourcecode.swift; path = Album.swift; sourceTree = "<group>"; };
		17DCA970288E9A5800F20AD8 /* AlbumListViewModel.swift */ = {isa = PBXFileReference; lastKnownFileType = sourcecode.swift; path = AlbumListViewModel.swift; sourceTree = "<group>"; };
		17DCA972288E9D1800F20AD8 /* Song.swift */ = {isa = PBXFileReference; lastKnownFileType = sourcecode.swift; path = Song.swift; sourceTree = "<group>"; };
		17DCA974288E9D2200F20AD8 /* Movie.swift */ = {isa = PBXFileReference; lastKnownFileType = sourcecode.swift; path = Movie.swift; sourceTree = "<group>"; };
		17DCA976288E9F8600F20AD8 /* AlbumListView.swift */ = {isa = PBXFileReference; lastKnownFileType = sourcecode.swift; path = AlbumListView.swift; sourceTree = "<group>"; };
		17F43698288EC4230001D592 /* AlbumSearchView.swift */ = {isa = PBXFileReference; lastKnownFileType = sourcecode.swift; path = AlbumSearchView.swift; sourceTree = "<group>"; };
/* End PBXFileReference section */

/* Begin PBXFrameworksBuildPhase section */
		17DCA957288E999E00F20AD8 /* Frameworks */ = {
			isa = PBXFrameworksBuildPhase;
			buildActionMask = 2147483647;
			files = (
			);
			runOnlyForDeploymentPostprocessing = 0;
		};
/* End PBXFrameworksBuildPhase section */

/* Begin PBXGroup section */
		17DCA951288E999E00F20AD8 = {
			isa = PBXGroup;
			children = (
				17DCA95C288E999E00F20AD8 /* ItunesSearchApp */,
				17DCA95B288E999E00F20AD8 /* Products */,
			);
			sourceTree = "<group>";
		};
		17DCA95B288E999E00F20AD8 /* Products */ = {
			isa = PBXGroup;
			children = (
				17DCA95A288E999E00F20AD8 /* ItunesSearchApp.app */,
			);
			name = Products;
			sourceTree = "<group>";
		};
		17DCA95C288E999E00F20AD8 /* ItunesSearchApp */ = {
			isa = PBXGroup;
			children = (
				17DCA95D288E999E00F20AD8 /* ItunesSearchAppApp.swift */,
				17DCA95F288E999E00F20AD8 /* ContentView.swift */,
				17DCA96B288E99CE00F20AD8 /* view */,
				17DCA96C288E99E400F20AD8 /* viewmodel */,
				17DCA96D288E9A0000F20AD8 /* model */,
				17DCA961288E999F00F20AD8 /* Assets.xcassets */,
				17DCA963288E999F00F20AD8 /* Preview Content */,
			);
			path = ItunesSearchApp;
			sourceTree = "<group>";
		};
		17DCA963288E999F00F20AD8 /* Preview Content */ = {
			isa = PBXGroup;
			children = (
				17DCA964288E999F00F20AD8 /* Preview Assets.xcassets */,
			);
			path = "Preview Content";
			sourceTree = "<group>";
		};
		17DCA96B288E99CE00F20AD8 /* view */ = {
			isa = PBXGroup;
			children = (
				17F43698288EC4230001D592 /* AlbumSearchView.swift */,
				17DCA976288E9F8600F20AD8 /* AlbumListView.swift */,
			);
			path = view;
			sourceTree = "<group>";
		};
		17DCA96C288E99E400F20AD8 /* viewmodel */ = {
			isa = PBXGroup;
			children = (
				17DCA970288E9A5800F20AD8 /* AlbumListViewModel.swift */,
			);
			path = viewmodel;
			sourceTree = "<group>";
		};
		17DCA96D288E9A0000F20AD8 /* model */ = {
			isa = PBXGroup;
			children = (
				17DCA96E288E9A1500F20AD8 /* Album.swift */,
				17DCA972288E9D1800F20AD8 /* Song.swift */,
				17DCA974288E9D2200F20AD8 /* Movie.swift */,
			);
			path = model;
			sourceTree = "<group>";
		};
/* End PBXGroup section */

/* Begin PBXNativeTarget section */
		17DCA959288E999E00F20AD8 /* ItunesSearchApp */ = {
			isa = PBXNativeTarget;
			buildConfigurationList = 17DCA968288E999F00F20AD8 /* Build configuration list for PBXNativeTarget "ItunesSearchApp" */;
			buildPhases = (
				17DCA956288E999E00F20AD8 /* Sources */,
				17DCA957288E999E00F20AD8 /* Frameworks */,
				17DCA958288E999E00F20AD8 /* Resources */,
			);
			buildRules = (
			);
			dependencies = (
			);
			name = ItunesSearchApp;
			productName = ItunesSearchApp;
			productReference = 17DCA95A288E999E00F20AD8 /* ItunesSearchApp.app */;
			productType = "com.apple.product-type.application";
		};
/* End PBXNativeTarget section */

/* Begin PBXProject section */
		17DCA952288E999E00F20AD8 /* Project object */ = {
			isa = PBXProject;
			attributes = {
				BuildIndependentTargetsInParallel = 1;
				LastSwiftUpdateCheck = 1340;
				LastUpgradeCheck = 1340;
				TargetAttributes = {
					17DCA959288E999E00F20AD8 = {
						CreatedOnToolsVersion = 13.4.1;
					};
				};
			};
			buildConfigurationList = 17DCA955288E999E00F20AD8 /* Build configuration list for PBXProject "ItunesSearchApp" */;
			compatibilityVersion = "Xcode 13.0";
			developmentRegion = en;
			hasScannedForEncodings = 0;
			knownRegions = (
				en,
				Base,
			);
			mainGroup = 17DCA951288E999E00F20AD8;
			productRefGroup = 17DCA95B288E999E00F20AD8 /* Products */;
			projectDirPath = "";
			projectRoot = "";
			targets = (
				17DCA959288E999E00F20AD8 /* ItunesSearchApp */,
			);
		};
/* End PBXProject section */

/* Begin PBXResourcesBuildPhase section */
		17DCA958288E999E00F20AD8 /* Resources */ = {
			isa = PBXResourcesBuildPhase;
			buildActionMask = 2147483647;
			files = (
				17DCA965288E999F00F20AD8 /* Preview Assets.xcassets in Resources */,
				17DCA962288E999F00F20AD8 /* Assets.xcassets in Resources */,
			);
			runOnlyForDeploymentPostprocessing = 0;
		};
/* End PBXResourcesBuildPhase section */

/* Begin PBXSourcesBuildPhase section */
		17DCA956288E999E00F20AD8 /* Sources */ = {
			isa = PBXSourcesBuildPhase;
			buildActionMask = 2147483647;
			files = (
				17DCA971288E9A5800F20AD8 /* AlbumListViewModel.swift in Sources */,
				17DCA960288E999E00F20AD8 /* ContentView.swift in Sources */,
				17F43699288EC4230001D592 /* AlbumSearchView.swift in Sources */,
				17DCA975288E9D2200F20AD8 /* Movie.swift in Sources */,
				17DCA95E288E999E00F20AD8 /* ItunesSearchAppApp.swift in Sources */,
				17DCA96F288E9A1500F20AD8 /* Album.swift in Sources */,
				17DCA973288E9D1800F20AD8 /* Song.swift in Sources */,
				17DCA977288E9F8600F20AD8 /* AlbumListView.swift in Sources */,
			);
			runOnlyForDeploymentPostprocessing = 0;
		};
/* End PBXSourcesBuildPhase section */

/* Begin XCBuildConfiguration section */
		17DCA966288E999F00F20AD8 /* Debug */ = {
			isa = XCBuildConfiguration;
			buildSettings = {
				ALWAYS_SEARCH_USER_PATHS = NO;
				CLANG_ANALYZER_NONNULL = YES;
				CLANG_ANALYZER_NUMBER_OBJECT_CONVERSION = YES_AGGRESSIVE;
				CLANG_CXX_LANGUAGE_STANDARD = "gnu++17";
				CLANG_ENABLE_MODULES = YES;
				CLANG_ENABLE_OBJC_ARC = YES;
				CLANG_ENABLE_OBJC_WEAK = YES;
				CLANG_WARN_BLOCK_CAPTURE_AUTORELEASING = YES;
				CLANG_WARN_BOOL_CONVERSION = YES;
				CLANG_WARN_COMMA = YES;
				CLANG_WARN_CONSTANT_CONVERSION = YES;
				CLANG_WARN_DEPRECATED_OBJC_IMPLEMENTATIONS = YES;
				CLANG_WARN_DIRECT_OBJC_ISA_USAGE = YES_ERROR;
				CLANG_WARN_DOCUMENTATION_COMMENTS = YES;
				CLANG_WARN_EMPTY_BODY = YES;
				CLANG_WARN_ENUM_CONVERSION = YES;
				CLANG_WARN_INFINITE_RECURSION = YES;
				CLANG_WARN_INT_CONVERSION = YES;
				CLANG_WARN_NON_LITERAL_NULL_CONVERSION = YES;
				CLANG_WARN_OBJC_IMPLICIT_RETAIN_SELF = YES;
				CLANG_WARN_OBJC_LITERAL_CONVERSION = YES;
				CLANG_WARN_OBJC_ROOT_CLASS = YES_ERROR;
				CLANG_WARN_QUOTED_INCLUDE_IN_FRAMEWORK_HEADER = YES;
				CLANG_WARN_RANGE_LOOP_ANALYSIS = YES;
				CLANG_WARN_STRICT_PROTOTYPES = YES;
				CLANG_WARN_SUSPICIOUS_MOVE = YES;
				CLANG_WARN_UNGUARDED_AVAILABILITY = YES_AGGRESSIVE;
				CLANG_WARN_UNREACHABLE_CODE = YES;
				CLANG_WARN__DUPLICATE_METHOD_MATCH = YES;
				COPY_PHASE_STRIP = NO;
				DEBUG_INFORMATION_FORMAT = dwarf;
				ENABLE_STRICT_OBJC_MSGSEND = YES;
				ENABLE_TESTABILITY = YES;
				GCC_C_LANGUAGE_STANDARD = gnu11;
				GCC_DYNAMIC_NO_PIC = NO;
				GCC_NO_COMMON_BLOCKS = YES;
				GCC_OPTIMIZATION_LEVEL = 0;
				GCC_PREPROCESSOR_DEFINITIONS = (
					"DEBUG=1",
					"$(inherited)",
				);
				GCC_WARN_64_TO_32_BIT_CONVERSION = YES;
				GCC_WARN_ABOUT_RETURN_TYPE = YES_ERROR;
				GCC_WARN_UNDECLARED_SELECTOR = YES;
				GCC_WARN_UNINITIALIZED_AUTOS = YES_AGGRESSIVE;
				GCC_WARN_UNUSED_FUNCTION = YES;
				GCC_WARN_UNUSED_VARIABLE = YES;
				IPHONEOS_DEPLOYMENT_TARGET = 15.5;
				MTL_ENABLE_DEBUG_INFO = INCLUDE_SOURCE;
				MTL_FAST_MATH = YES;
				ONLY_ACTIVE_ARCH = YES;
				SDKROOT = iphoneos;
				SWIFT_ACTIVE_COMPILATION_CONDITIONS = DEBUG;
				SWIFT_OPTIMIZATION_LEVEL = "-Onone";
			};
			name = Debug;
		};
		17DCA967288E999F00F20AD8 /* Release */ = {
			isa = XCBuildConfiguration;
			buildSettings = {
				ALWAYS_SEARCH_USER_PATHS = NO;
				CLANG_ANALYZER_NONNULL = YES;
				CLANG_ANALYZER_NUMBER_OBJECT_CONVERSION = YES_AGGRESSIVE;
				CLANG_CXX_LANGUAGE_STANDARD = "gnu++17";
				CLANG_ENABLE_MODULES = YES;
				CLANG_ENABLE_OBJC_ARC = YES;
				CLANG_ENABLE_OBJC_WEAK = YES;
				CLANG_WARN_BLOCK_CAPTURE_AUTORELEASING = YES;
				CLANG_WARN_BOOL_CONVERSION = YES;
				CLANG_WARN_COMMA = YES;
				CLANG_WARN_CONSTANT_CONVERSION = YES;
				CLANG_WARN_DEPRECATED_OBJC_IMPLEMENTATIONS = YES;
				CLANG_WARN_DIRECT_OBJC_ISA_USAGE = YES_ERROR;
				CLANG_WARN_DOCUMENTATION_COMMENTS = YES;
				CLANG_WARN_EMPTY_BODY = YES;
				CLANG_WARN_ENUM_CONVERSION = YES;
				CLANG_WARN_INFINITE_RECURSION = YES;
				CLANG_WARN_INT_CONVERSION = YES;
				CLANG_WARN_NON_LITERAL_NULL_CONVERSION = YES;
				CLANG_WARN_OBJC_IMPLICIT_RETAIN_SELF = YES;
				CLANG_WARN_OBJC_LITERAL_CONVERSION = YES;
				CLANG_WARN_OBJC_ROOT_CLASS = YES_ERROR;
				CLANG_WARN_QUOTED_INCLUDE_IN_FRAMEWORK_HEADER = YES;
				CLANG_WARN_RANGE_LOOP_ANALYSIS = YES;
				CLANG_WARN_STRICT_PROTOTYPES = YES;
				CLANG_WARN_SUSPICIOUS_MOVE = YES;
				CLANG_WARN_UNGUARDED_AVAILABILITY = YES_AGGRESSIVE;
				CLANG_WARN_UNREACHABLE_CODE = YES;
				CLANG_WARN__DUPLICATE_METHOD_MATCH = YES;
				COPY_PHASE_STRIP = NO;
				DEBUG_INFORMATION_FORMAT = "dwarf-with-dsym";
				ENABLE_NS_ASSERTIONS = NO;
				ENABLE_STRICT_OBJC_MSGSEND = YES;
				GCC_C_LANGUAGE_STANDARD = gnu11;
				GCC_NO_COMMON_BLOCKS = YES;
				GCC_WARN_64_TO_32_BIT_CONVERSION = YES;
				GCC_WARN_ABOUT_RETURN_TYPE = YES_ERROR;
				GCC_WARN_UNDECLARED_SELECTOR = YES;
				GCC_WARN_UNINITIALIZED_AUTOS = YES_AGGRESSIVE;
				GCC_WARN_UNUSED_FUNCTION = YES;
				GCC_WARN_UNUSED_VARIABLE = YES;
				IPHONEOS_DEPLOYMENT_TARGET = 15.5;
				MTL_ENABLE_DEBUG_INFO = NO;
				MTL_FAST_MATH = YES;
				SDKROOT = iphoneos;
				SWIFT_COMPILATION_MODE = wholemodule;
				SWIFT_OPTIMIZATION_LEVEL = "-O";
				VALIDATE_PRODUCT = YES;
			};
			name = Release;
		};
		17DCA969288E999F00F20AD8 /* Debug */ = {
			isa = XCBuildConfiguration;
			buildSettings = {
				ASSETCATALOG_COMPILER_APPICON_NAME = AppIcon;
				ASSETCATALOG_COMPILER_GLOBAL_ACCENT_COLOR_NAME = AccentColor;
				CODE_SIGN_STYLE = Automatic;
				CURRENT_PROJECT_VERSION = 1;
				DEVELOPMENT_ASSET_PATHS = "\"ItunesSearchApp/Preview Content\"";
				DEVELOPMENT_TEAM = 54YLWD89Z8;
				ENABLE_PREVIEWS = YES;
				GENERATE_INFOPLIST_FILE = YES;
				INFOPLIST_KEY_UIApplicationSceneManifest_Generation = YES;
				INFOPLIST_KEY_UIApplicationSupportsIndirectInputEvents = YES;
				INFOPLIST_KEY_UILaunchScreen_Generation = YES;
				INFOPLIST_KEY_UISupportedInterfaceOrientations_iPad = "UIInterfaceOrientationPortrait UIInterfaceOrientationPortraitUpsideDown UIInterfaceOrientationLandscapeLeft UIInterfaceOrientationLandscapeRight";
				INFOPLIST_KEY_UISupportedInterfaceOrientations_iPhone = "UIInterfaceOrientationPortrait UIInterfaceOrientationLandscapeLeft UIInterfaceOrientationLandscapeRight";
				IPHONEOS_DEPLOYMENT_TARGET = 15.0;
				LD_RUNPATH_SEARCH_PATHS = (
					"$(inherited)",
					"@executable_path/Frameworks",
				);
				MARKETING_VERSION = 1.0;
				PRODUCT_BUNDLE_IDENTIFIER = com.karinprater.ItunesSearchApp;
				PRODUCT_NAME = "$(TARGET_NAME)";
				SWIFT_EMIT_LOC_STRINGS = YES;
				SWIFT_VERSION = 5.0;
				TARGETED_DEVICE_FAMILY = "1,2";
			};
			name = Debug;
		};
		17DCA96A288E999F00F20AD8 /* Release */ = {
			isa = XCBuildConfiguration;
			buildSettings = {
				ASSETCATALOG_COMPILER_APPICON_NAME = AppIcon;
				ASSETCATALOG_COMPILER_GLOBAL_ACCENT_COLOR_NAME = AccentColor;
				CODE_SIGN_STYLE = Automatic;
				CURRENT_PROJECT_VERSION = 1;
				DEVELOPMENT_ASSET_PATHS = "\"ItunesSearchApp/Preview Content\"";
				DEVELOPMENT_TEAM = 54YLWD89Z8;
				ENABLE_PREVIEWS = YES;
				GENERATE_INFOPLIST_FILE = YES;
				INFOPLIST_KEY_UIApplicationSceneManifest_Generation = YES;
				INFOPLIST_KEY_UIApplicationSupportsIndirectInputEvents = YES;
				INFOPLIST_KEY_UILaunchScreen_Generation = YES;
				INFOPLIST_KEY_UISupportedInterfaceOrientations_iPad = "UIInterfaceOrientationPortrait UIInterfaceOrientationPortraitUpsideDown UIInterfaceOrientationLandscapeLeft UIInterfaceOrientationLandscapeRight";
				INFOPLIST_KEY_UISupportedInterfaceOrientations_iPhone = "UIInterfaceOrientationPortrait UIInterfaceOrientationLandscapeLeft UIInterfaceOrientationLandscapeRight";
				IPHONEOS_DEPLOYMENT_TARGET = 15.0;
				LD_RUNPATH_SEARCH_PATHS = (
					"$(inherited)",
					"@executable_path/Frameworks",
				);
				MARKETING_VERSION = 1.0;
				PRODUCT_BUNDLE_IDENTIFIER = com.karinprater.ItunesSearchApp;
				PRODUCT_NAME = "$(TARGET_NAME)";
				SWIFT_EMIT_LOC_STRINGS = YES;
				SWIFT_VERSION = 5.0;
				TARGETED_DEVICE_FAMILY = "1,2";
			};
			name = Release;
		};
/* End XCBuildConfiguration section */

/* Begin XCConfigurationList section */
		17DCA955288E999E00F20AD8 /* Build configuration list for PBXProject "ItunesSearchApp" */ = {
			isa = XCConfigurationList;
			buildConfigurations = (
				17DCA966288E999F00F20AD8 /* Debug */,
				17DCA967288E999F00F20AD8 /* Release */,
			);
			defaultConfigurationIsVisible = 0;
			defaultConfigurationName = Release;
		};
		17DCA968288E999F00F20AD8 /* Build configuration list for PBXNativeTarget "ItunesSearchApp" */ = {
			isa = XCConfigurationList;
			buildConfigurations = (
				17DCA969288E999F00F20AD8 /* Debug */,
				17DCA96A288E999F00F20AD8 /* Release */,
			);
			defaultConfigurationIsVisible = 0;
			defaultConfigurationName = Release;
		};
/* End XCConfigurationList section */
	};
	rootObject = 17DCA952288E999E00F20AD8 /* Project object */;
}
